
Microsoft Visual Studio Solution File, Format Version 12.00
# Visual Studio Version 17
VisualStudioVersion = 17.4.33205.214
MinimumVisualStudioVersion = 10.0.40219.1
Project("{9A19103F-16F7-4668-BE54-9A1E7A4F7556}") = "WebAPI", "WebAPI\WebAPI.csproj", "{0D93AD7D-E787-4338-8BED-1D0541A844BB}"
EndProject
Project("{FAE04EC0-301F-11D3-BF4B-00C04F79EFBC}") = "WebAPI.Tests", "WebAPI.Tests\WebAPI.Tests.csproj", "{F749CD16-8302-4D94-AB96-B04E9CE050D3}"
EndProject
Global
	GlobalSection(SolutionConfigurationPlatforms) = preSolution
		Debug|Any CPU = Debug|Any CPU
		Release|Any CPU = Release|Any CPU
	EndGlobalSection
	GlobalSection(ProjectConfigurationPlatforms) = postSolution
		{0D93AD7D-E787-4338-8BED-1D0541A844BB}.Debug|Any CPU.ActiveCfg = Debug|Any CPU
		{0D93AD7D-E787-4338-8BED-1D0541A844BB}.Debug|Any CPU.Build.0 = Debug|Any CPU
		{0D93AD7D-E787-4338-8BED-1D0541A844BB}.Release|Any CPU.ActiveCfg = Release|Any CPU
		{0D93AD7D-E787-4338-8BED-1D0541A844BB}.Release|Any CPU.Build.0 = Release|Any CPU
		{F749CD16-8302-4D94-AB96-B04E9CE050D3}.Debug|Any CPU.ActiveCfg = Debug|Any CPU
		{F749CD16-8302-4D94-AB96-B04E9CE050D3}.Debug|Any CPU.Build.0 = Debug|Any CPU
		{F749CD16-8302-4D94-AB96-B04E9CE050D3}.Release|Any CPU.ActiveCfg = Release|Any CPU
		{F749CD16-8302-4D94-AB96-B04E9CE050D3}.Release|Any CPU.Build.0 = Release|Any CPU
	EndGlobalSection
	GlobalSection(SolutionProperties) = preSolution
		HideSolutionNode = FALSE
	EndGlobalSection
	GlobalSection(ExtensibilityGlobals) = postSolution
		SolutionGuid = {7D6EB559-D1ED-4429-829A-B79948421ABB}
	EndGlobalSection
EndGlobal
